
Microsoft Visual Studio Solution File, Format Version 12.00
# Visual Studio Version 16
VisualStudioVersion = 16.0.30309.148
MinimumVisualStudioVersion = 10.0.40219.1
Project("{FAE04EC0-301F-11D3-BF4B-00C04F79EFBC}") = "Contacts App", "Contacts App\Contacts App.csproj", "{0BDFB7DA-CD20-4D66-B1A3-E815B79BE1F2}"
EndProject
Global
	GlobalSection(SolutionConfigurationPlatforms) = preSolution
		Debug|Any CPU = Debug|Any CPU
		Release|Any CPU = Release|Any CPU
	EndGlobalSection
	GlobalSection(ProjectConfigurationPlatforms) = postSolution
		{0BDFB7DA-CD20-4D66-B1A3-E815B79BE1F2}.Debug|Any CPU.ActiveCfg = Debug|Any CPU
		{0BDFB7DA-CD20-4D66-B1A3-E815B79BE1F2}.Debug|Any CPU.Build.0 = Debug|Any CPU
		{0BDFB7DA-CD20-4D66-B1A3-E815B79BE1F2}.Release|Any CPU.ActiveCfg = Release|Any CPU
		{0BDFB7DA-CD20-4D66-B1A3-E815B79BE1F2}.Release|Any CPU.Build.0 = Release|Any CPU
	EndGlobalSection
	GlobalSection(SolutionProperties) = preSolution
		HideSolutionNode = FALSE
	EndGlobalSection
	GlobalSection(ExtensibilityGlobals) = postSolution
		SolutionGuid = {0ED34A85-2EE6-4EDC-9805-A1FC515B2EA5}
	EndGlobalSection
EndGlobal
